
Microsoft Visual Studio Solution File, Format Version 12.00
# Visual Studio Version 17
VisualStudioVersion = 17.13.36105.23 d17.13
MinimumVisualStudioVersion = 10.0.40219.1
Project("{FAE04EC0-301F-11D3-BF4B-00C04F79EFBC}") = "TestHarness", "TestHarness\TestHarness.csproj", "{DCB9EF16-75C8-4BAE-8D17-FCD05F395292}"
EndProject
Global
	GlobalSection(SolutionConfigurationPlatforms) = preSolution
		Debug|Any CPU = Debug|Any CPU
		Release|Any CPU = Release|Any CPU
	EndGlobalSection
	GlobalSection(ProjectConfigurationPlatforms) = postSolution
		{DCB9EF16-75C8-4BAE-8D17-FCD05F395292}.Debug|Any CPU.ActiveCfg = Debug|Any CPU
		{DCB9EF16-75C8-4BAE-8D17-FCD05F395292}.Debug|Any CPU.Build.0 = Debug|Any CPU
		{DCB9EF16-75C8-4BAE-8D17-FCD05F395292}.Release|Any CPU.ActiveCfg = Release|Any CPU
		{DCB9EF16-75C8-4BAE-8D17-FCD05F395292}.Release|Any CPU.Build.0 = Release|Any CPU
	EndGlobalSection
	GlobalSection(SolutionProperties) = preSolution
		HideSolutionNode = FALSE
	EndGlobalSection
	GlobalSection(ExtensibilityGlobals) = postSolution
		SolutionGuid = {F7136726-6578-4956-8447-4FE3C7ED62A3}
	EndGlobalSection
EndGlobal
